// !$*UTF8*$!
{
	archiveVersion = 1;
	classes = {
	};
	objectVersion = 56;
	objects = {

/* Begin PBXBuildFile section */
		C2D4C9A92CB1327400BCC268 /* HawkEyeApp.swift in Sources */ = {isa = PBXBuildFile; fileRef = C2D4C9A82CB1327400BCC268 /* HawkEyeApp.swift */; };
		C2D4C9AB2CB1327400BCC268 /* ContentView.swift in Sources */ = {isa = PBXBuildFile; fileRef = C2D4C9AA2CB1327400BCC268 /* ContentView.swift */; };
		C2D4C9AD2CB1327500BCC268 /* Assets.xcassets in Resources */ = {isa = PBXBuildFile; fileRef = C2D4C9AC2CB1327500BCC268 /* Assets.xcassets */; };
		C2D4C9B02CB1327500BCC268 /* Preview Assets.xcassets in Resources */ = {isa = PBXBuildFile; fileRef = C2D4C9AF2CB1327500BCC268 /* Preview Assets.xcassets */; };
		C2D4C9B82CB132AA00BCC268 /* CameraPreviewView.swift in Sources */ = {isa = PBXBuildFile; fileRef = C2D4C9B72CB132AA00BCC268 /* CameraPreviewView.swift */; };
		C2D4C9BC2CB132C900BCC268 /* CameraViewModel.swift in Sources */ = {isa = PBXBuildFile; fileRef = C2D4C9BB2CB132C900BCC268 /* CameraViewModel.swift */; };
		C2D4C9BE2CB132D600BCC268 /* CameraService.swift in Sources */ = {isa = PBXBuildFile; fileRef = C2D4C9BD2CB132D600BCC268 /* CameraService.swift */; };
		C2D4C9C12CB2848000BCC268 /* CodeInputView.swift in Sources */ = {isa = PBXBuildFile; fileRef = C2D4C9C02CB2848000BCC268 /* CodeInputView.swift */; };
		C2D4C9C32CB288C200BCC268 /* Notifications.swift in Sources */ = {isa = PBXBuildFile; fileRef = C2D4C9C22CB288C200BCC268 /* Notifications.swift */; };
		C2D4C9C52CB2F5F900BCC268 /* ScannerViewController.swift in Sources */ = {isa = PBXBuildFile; fileRef = C2D4C9C42CB2F5F900BCC268 /* ScannerViewController.swift */; };
/* End PBXBuildFile section */

/* Begin PBXFileReference section */
		C2D4C9A52CB1327400BCC268 /* HawkEye.app */ = {isa = PBXFileReference; explicitFileType = wrapper.application; includeInIndex = 0; path = HawkEye.app; sourceTree = BUILT_PRODUCTS_DIR; };
		C2D4C9A82CB1327400BCC268 /* HawkEyeApp.swift */ = {isa = PBXFileReference; lastKnownFileType = sourcecode.swift; path = HawkEyeApp.swift; sourceTree = "<group>"; };
		C2D4C9AA2CB1327400BCC268 /* ContentView.swift */ = {isa = PBXFileReference; lastKnownFileType = sourcecode.swift; path = ContentView.swift; sourceTree = "<group>"; };
		C2D4C9AC2CB1327500BCC268 /* Assets.xcassets */ = {isa = PBXFileReference; lastKnownFileType = folder.assetcatalog; path = Assets.xcassets; sourceTree = "<group>"; };
		C2D4C9AF2CB1327500BCC268 /* Preview Assets.xcassets */ = {isa = PBXFileReference; lastKnownFileType = folder.assetcatalog; path = "Preview Assets.xcassets"; sourceTree = "<group>"; };
		C2D4C9B72CB132AA00BCC268 /* CameraPreviewView.swift */ = {isa = PBXFileReference; lastKnownFileType = sourcecode.swift; path = CameraPreviewView.swift; sourceTree = "<group>"; };
		C2D4C9BB2CB132C900BCC268 /* CameraViewModel.swift */ = {isa = PBXFileReference; lastKnownFileType = sourcecode.swift; path = CameraViewModel.swift; sourceTree = "<group>"; };
		C2D4C9BD2CB132D600BCC268 /* CameraService.swift */ = {isa = PBXFileReference; lastKnownFileType = sourcecode.swift; path = CameraService.swift; sourceTree = "<group>"; };
		C2D4C9BF2CB1335F00BCC268 /* Info.plist */ = {isa = PBXFileReference; lastKnownFileType = text.plist; path = Info.plist; sourceTree = "<group>"; };
		C2D4C9C02CB2848000BCC268 /* CodeInputView.swift */ = {isa = PBXFileReference; lastKnownFileType = sourcecode.swift; path = CodeInputView.swift; sourceTree = "<group>"; };
		C2D4C9C22CB288C200BCC268 /* Notifications.swift */ = {isa = PBXFileReference; lastKnownFileType = sourcecode.swift; path = Notifications.swift; sourceTree = "<group>"; };
		C2D4C9C42CB2F5F900BCC268 /* ScannerViewController.swift */ = {isa = PBXFileReference; lastKnownFileType = sourcecode.swift; path = ScannerViewController.swift; sourceTree = "<group>"; };
/* End PBXFileReference section */

/* Begin PBXFrameworksBuildPhase section */
		C2D4C9A22CB1327400BCC268 /* Frameworks */ = {
			isa = PBXFrameworksBuildPhase;
			buildActionMask = 2147483647;
			files = (
			);
			runOnlyForDeploymentPostprocessing = 0;
		};
/* End PBXFrameworksBuildPhase section */

/* Begin PBXGroup section */
		C2D4C99C2CB1327400BCC268 = {
			isa = PBXGroup;
			children = (
				C2D4C9A72CB1327400BCC268 /* HawkEye */,
				C2D4C9A62CB1327400BCC268 /* Products */,
			);
			sourceTree = "<group>";
		};
		C2D4C9A62CB1327400BCC268 /* Products */ = {
			isa = PBXGroup;
			children = (
				C2D4C9A52CB1327400BCC268 /* HawkEye.app */,
			);
			name = Products;
			sourceTree = "<group>";
		};
		C2D4C9A72CB1327400BCC268 /* HawkEye */ = {
			isa = PBXGroup;
			children = (
				C2D4C9BF2CB1335F00BCC268 /* Info.plist */,
				C2D4C9A82CB1327400BCC268 /* HawkEyeApp.swift */,
				C2D4C9C22CB288C200BCC268 /* Notifications.swift */,
				C2D4C9B62CB1328200BCC268 /* Views */,
				C2D4C9BA2CB132BB00BCC268 /* ViewModels */,
				C2D4C9B92CB132B300BCC268 /* Services */,
				C2D4C9AC2CB1327500BCC268 /* Assets.xcassets */,
				C2D4C9AE2CB1327500BCC268 /* Preview Content */,
			);
			path = HawkEye;
			sourceTree = "<group>";
		};
		C2D4C9AE2CB1327500BCC268 /* Preview Content */ = {
			isa = PBXGroup;
			children = (
				C2D4C9AF2CB1327500BCC268 /* Preview Assets.xcassets */,
			);
			path = "Preview Content";
			sourceTree = "<group>";
		};
		C2D4C9B62CB1328200BCC268 /* Views */ = {
			isa = PBXGroup;
			children = (
				C2D4C9AA2CB1327400BCC268 /* ContentView.swift */,
				C2D4C9B72CB132AA00BCC268 /* CameraPreviewView.swift */,
				C2D4C9C02CB2848000BCC268 /* CodeInputView.swift */,
				C2D4C9C42CB2F5F900BCC268 /* ScannerViewController.swift */,
			);
			path = Views;
			sourceTree = "<group>";
		};
		C2D4C9B92CB132B300BCC268 /* Services */ = {
			isa = PBXGroup;
			children = (
				C2D4C9BD2CB132D600BCC268 /* CameraService.swift */,
			);
			path = Services;
			sourceTree = "<group>";
		};
		C2D4C9BA2CB132BB00BCC268 /* ViewModels */ = {
			isa = PBXGroup;
			children = (
				C2D4C9BB2CB132C900BCC268 /* CameraViewModel.swift */,
			);
			path = ViewModels;
			sourceTree = "<group>";
		};
/* End PBXGroup section */

/* Begin PBXNativeTarget section */
		C2D4C9A42CB1327400BCC268 /* HawkEye */ = {
			isa = PBXNativeTarget;
			buildConfigurationList = C2D4C9B32CB1327500BCC268 /* Build configuration list for PBXNativeTarget "HawkEye" */;
			buildPhases = (
				C2D4C9A12CB1327400BCC268 /* Sources */,
				C2D4C9A22CB1327400BCC268 /* Frameworks */,
				C2D4C9A32CB1327400BCC268 /* Resources */,
			);
			buildRules = (
			);
			dependencies = (
			);
			name = HawkEye;
			productName = HawkEye;
			productReference = C2D4C9A52CB1327400BCC268 /* HawkEye.app */;
			productType = "com.apple.product-type.application";
		};
/* End PBXNativeTarget section */

/* Begin PBXProject section */
		C2D4C99D2CB1327400BCC268 /* Project object */ = {
			isa = PBXProject;
			attributes = {
				BuildIndependentTargetsInParallel = 1;
				LastSwiftUpdateCheck = 1500;
				LastUpgradeCheck = 1500;
				TargetAttributes = {
					C2D4C9A42CB1327400BCC268 = {
						CreatedOnToolsVersion = 15.0;
					};
				};
			};
			buildConfigurationList = C2D4C9A02CB1327400BCC268 /* Build configuration list for PBXProject "HawkEye" */;
			compatibilityVersion = "Xcode 14.0";
			developmentRegion = en;
			hasScannedForEncodings = 0;
			knownRegions = (
				en,
				Base,
			);
			mainGroup = C2D4C99C2CB1327400BCC268;
			productRefGroup = C2D4C9A62CB1327400BCC268 /* Products */;
			projectDirPath = "";
			projectRoot = "";
			targets = (
				C2D4C9A42CB1327400BCC268 /* HawkEye */,
			);
		};
/* End PBXProject section */

/* Begin PBXResourcesBuildPhase section */
		C2D4C9A32CB1327400BCC268 /* Resources */ = {
			isa = PBXResourcesBuildPhase;
			buildActionMask = 2147483647;
			files = (
				C2D4C9B02CB1327500BCC268 /* Preview Assets.xcassets in Resources */,
				C2D4C9AD2CB1327500BCC268 /* Assets.xcassets in Resources */,
			);
			runOnlyForDeploymentPostprocessing = 0;
		};
/* End PBXResourcesBuildPhase section */

/* Begin PBXSourcesBuildPhase section */
		C2D4C9A12CB1327400BCC268 /* Sources */ = {
			isa = PBXSourcesBuildPhase;
			buildActionMask = 2147483647;
			files = (
				C2D4C9C12CB2848000BCC268 /* CodeInputView.swift in Sources */,
				C2D4C9C32CB288C200BCC268 /* Notifications.swift in Sources */,
				C2D4C9BE2CB132D600BCC268 /* CameraService.swift in Sources */,
				C2D4C9B82CB132AA00BCC268 /* CameraPreviewView.swift in Sources */,
				C2D4C9BC2CB132C900BCC268 /* CameraViewModel.swift in Sources */,
				C2D4C9AB2CB1327400BCC268 /* ContentView.swift in Sources */,
				C2D4C9A92CB1327400BCC268 /* HawkEyeApp.swift in Sources */,
				C2D4C9C52CB2F5F900BCC268 /* ScannerViewController.swift in Sources */,
			);
			runOnlyForDeploymentPostprocessing = 0;
		};
/* End PBXSourcesBuildPhase section */

/* Begin XCBuildConfiguration section */
		C2D4C9B12CB1327500BCC268 /* Debug */ = {
			isa = XCBuildConfiguration;
			buildSettings = {
				ALWAYS_SEARCH_USER_PATHS = NO;
				ASSETCATALOG_COMPILER_GENERATE_SWIFT_ASSET_SYMBOL_EXTENSIONS = YES;
				CLANG_ANALYZER_NONNULL = YES;
				CLANG_ANALYZER_NUMBER_OBJECT_CONVERSION = YES_AGGRESSIVE;
				CLANG_CXX_LANGUAGE_STANDARD = "gnu++20";
				CLANG_ENABLE_MODULES = YES;
				CLANG_ENABLE_OBJC_ARC = YES;
				CLANG_ENABLE_OBJC_WEAK = YES;
				CLANG_WARN_BLOCK_CAPTURE_AUTORELEASING = YES;
				CLANG_WARN_BOOL_CONVERSION = YES;
				CLANG_WARN_COMMA = YES;
				CLANG_WARN_CONSTANT_CONVERSION = YES;
				CLANG_WARN_DEPRECATED_OBJC_IMPLEMENTATIONS = YES;
				CLANG_WARN_DIRECT_OBJC_ISA_USAGE = YES_ERROR;
				CLANG_WARN_DOCUMENTATION_COMMENTS = YES;
				CLANG_WARN_EMPTY_BODY = YES;
				CLANG_WARN_ENUM_CONVERSION = YES;
				CLANG_WARN_INFINITE_RECURSION = YES;
				CLANG_WARN_INT_CONVERSION = YES;
				CLANG_WARN_NON_LITERAL_NULL_CONVERSION = YES;
				CLANG_WARN_OBJC_IMPLICIT_RETAIN_SELF = YES;
				CLANG_WARN_OBJC_LITERAL_CONVERSION = YES;
				CLANG_WARN_OBJC_ROOT_CLASS = YES_ERROR;
				CLANG_WARN_QUOTED_INCLUDE_IN_FRAMEWORK_HEADER = YES;
				CLANG_WARN_RANGE_LOOP_ANALYSIS = YES;
				CLANG_WARN_STRICT_PROTOTYPES = YES;
				CLANG_WARN_SUSPICIOUS_MOVE = YES;
				CLANG_WARN_UNGUARDED_AVAILABILITY = YES_AGGRESSIVE;
				CLANG_WARN_UNREACHABLE_CODE = YES;
				CLANG_WARN__DUPLICATE_METHOD_MATCH = YES;
				COPY_PHASE_STRIP = NO;
				DEBUG_INFORMATION_FORMAT = dwarf;
				ENABLE_STRICT_OBJC_MSGSEND = YES;
				ENABLE_TESTABILITY = YES;
				ENABLE_USER_SCRIPT_SANDBOXING = YES;
				GCC_C_LANGUAGE_STANDARD = gnu17;
				GCC_DYNAMIC_NO_PIC = NO;
				GCC_NO_COMMON_BLOCKS = YES;
				GCC_OPTIMIZATION_LEVEL = 0;
				GCC_PREPROCESSOR_DEFINITIONS = (
					"DEBUG=1",
					"$(inherited)",
				);
				GCC_WARN_64_TO_32_BIT_CONVERSION = YES;
				GCC_WARN_ABOUT_RETURN_TYPE = YES_ERROR;
				GCC_WARN_UNDECLARED_SELECTOR = YES;
				GCC_WARN_UNINITIALIZED_AUTOS = YES_AGGRESSIVE;
				GCC_WARN_UNUSED_FUNCTION = YES;
				GCC_WARN_UNUSED_VARIABLE = YES;
				IPHONEOS_DEPLOYMENT_TARGET = 17.0;
				LOCALIZATION_PREFERS_STRING_CATALOGS = YES;
				MTL_ENABLE_DEBUG_INFO = INCLUDE_SOURCE;
				MTL_FAST_MATH = YES;
				ONLY_ACTIVE_ARCH = YES;
				SDKROOT = iphoneos;
				SWIFT_ACTIVE_COMPILATION_CONDITIONS = "DEBUG $(inherited)";
				SWIFT_OPTIMIZATION_LEVEL = "-Onone";
			};
			name = Debug;
		};
		C2D4C9B22CB1327500BCC268 /* Release */ = {
			isa = XCBuildConfiguration;
			buildSettings = {
				ALWAYS_SEARCH_USER_PATHS = NO;
				ASSETCATALOG_COMPILER_GENERATE_SWIFT_ASSET_SYMBOL_EXTENSIONS = YES;
				CLANG_ANALYZER_NONNULL = YES;
				CLANG_ANALYZER_NUMBER_OBJECT_CONVERSION = YES_AGGRESSIVE;
				CLANG_CXX_LANGUAGE_STANDARD = "gnu++20";
				CLANG_ENABLE_MODULES = YES;
				CLANG_ENABLE_OBJC_ARC = YES;
				CLANG_ENABLE_OBJC_WEAK = YES;
				CLANG_WARN_BLOCK_CAPTURE_AUTORELEASING = YES;
				CLANG_WARN_BOOL_CONVERSION = YES;
				CLANG_WARN_COMMA = YES;
				CLANG_WARN_CONSTANT_CONVERSION = YES;
				CLANG_WARN_DEPRECATED_OBJC_IMPLEMENTATIONS = YES;
				CLANG_WARN_DIRECT_OBJC_ISA_USAGE = YES_ERROR;
				CLANG_WARN_DOCUMENTATION_COMMENTS = YES;
				CLANG_WARN_EMPTY_BODY = YES;
				CLANG_WARN_ENUM_CONVERSION = YES;
				CLANG_WARN_INFINITE_RECURSION = YES;
				CLANG_WARN_INT_CONVERSION = YES;
				CLANG_WARN_NON_LITERAL_NULL_CONVERSION = YES;
				CLANG_WARN_OBJC_IMPLICIT_RETAIN_SELF = YES;
				CLANG_WARN_OBJC_LITERAL_CONVERSION = YES;
				CLANG_WARN_OBJC_ROOT_CLASS = YES_ERROR;
				CLANG_WARN_QUOTED_INCLUDE_IN_FRAMEWORK_HEADER = YES;
				CLANG_WARN_RANGE_LOOP_ANALYSIS = YES;
				CLANG_WARN_STRICT_PROTOTYPES = YES;
				CLANG_WARN_SUSPICIOUS_MOVE = YES;
				CLANG_WARN_UNGUARDED_AVAILABILITY = YES_AGGRESSIVE;
				CLANG_WARN_UNREACHABLE_CODE = YES;
				CLANG_WARN__DUPLICATE_METHOD_MATCH = YES;
				COPY_PHASE_STRIP = NO;
				DEBUG_INFORMATION_FORMAT = "dwarf-with-dsym";
				ENABLE_NS_ASSERTIONS = NO;
				ENABLE_STRICT_OBJC_MSGSEND = YES;
				ENABLE_USER_SCRIPT_SANDBOXING = YES;
				GCC_C_LANGUAGE_STANDARD = gnu17;
				GCC_NO_COMMON_BLOCKS = YES;
				GCC_WARN_64_TO_32_BIT_CONVERSION = YES;
				GCC_WARN_ABOUT_RETURN_TYPE = YES_ERROR;
				GCC_WARN_UNDECLARED_SELECTOR = YES;
				GCC_WARN_UNINITIALIZED_AUTOS = YES_AGGRESSIVE;
				GCC_WARN_UNUSED_FUNCTION = YES;
				GCC_WARN_UNUSED_VARIABLE = YES;
				IPHONEOS_DEPLOYMENT_TARGET = 17.0;
				LOCALIZATION_PREFERS_STRING_CATALOGS = YES;
				MTL_ENABLE_DEBUG_INFO = NO;
				MTL_FAST_MATH = YES;
				SDKROOT = iphoneos;
				SWIFT_COMPILATION_MODE = wholemodule;
				VALIDATE_PRODUCT = YES;
			};
			name = Release;
		};
		C2D4C9B42CB1327500BCC268 /* Debug */ = {
			isa = XCBuildConfiguration;
			buildSettings = {
				ASSETCATALOG_COMPILER_APPICON_NAME = AppIcon;
				ASSETCATALOG_COMPILER_GLOBAL_ACCENT_COLOR_NAME = AccentColor;
				CODE_SIGN_STYLE = Automatic;
				CURRENT_PROJECT_VERSION = 1;
				DEVELOPMENT_ASSET_PATHS = "\"HawkEye/Preview Content\"";
				DEVELOPMENT_TEAM = MA6727X9UH;
				ENABLE_PREVIEWS = YES;
				GENERATE_INFOPLIST_FILE = YES;
				INFOPLIST_FILE = HawkEye/Info.plist;
				INFOPLIST_KEY_NSCameraUsageDescription = "This app requires access to the camera to record your gameplay.";
				INFOPLIST_KEY_NSMicrophoneUsageDescription = "This app requires access to the microphone to record audio of your gameplay.";
				INFOPLIST_KEY_UIApplicationSceneManifest_Generation = YES;
				INFOPLIST_KEY_UIApplicationSupportsIndirectInputEvents = YES;
				INFOPLIST_KEY_UILaunchScreen_Generation = YES;
				INFOPLIST_KEY_UISupportedInterfaceOrientations_iPad = "UIInterfaceOrientationPortrait UIInterfaceOrientationPortraitUpsideDown UIInterfaceOrientationLandscapeLeft UIInterfaceOrientationLandscapeRight";
				INFOPLIST_KEY_UISupportedInterfaceOrientations_iPhone = "UIInterfaceOrientationPortrait UIInterfaceOrientationLandscapeLeft UIInterfaceOrientationLandscapeRight";
				LD_RUNPATH_SEARCH_PATHS = (
					"$(inherited)",
					"@executable_path/Frameworks",
				);
				MARKETING_VERSION = 1.0;
				PRODUCT_BUNDLE_IDENTIFIER = com.pog.HawkEye;
				PRODUCT_NAME = "$(TARGET_NAME)";
				SWIFT_EMIT_LOC_STRINGS = YES;
				SWIFT_VERSION = 5.0;
				TARGETED_DEVICE_FAMILY = "1,2";
			};
			name = Debug;
		};
		C2D4C9B52CB1327500BCC268 /* Release */ = {
			isa = XCBuildConfiguration;
			buildSettings = {
				ASSETCATALOG_COMPILER_APPICON_NAME = AppIcon;
				ASSETCATALOG_COMPILER_GLOBAL_ACCENT_COLOR_NAME = AccentColor;
				CODE_SIGN_STYLE = Automatic;
				CURRENT_PROJECT_VERSION = 1;
				DEVELOPMENT_ASSET_PATHS = "\"HawkEye/Preview Content\"";
				DEVELOPMENT_TEAM = MA6727X9UH;
				ENABLE_PREVIEWS = YES;
				GENERATE_INFOPLIST_FILE = YES;
				INFOPLIST_FILE = HawkEye/Info.plist;
				INFOPLIST_KEY_NSCameraUsageDescription = "This app requires access to the camera to record your gameplay.";
				INFOPLIST_KEY_NSMicrophoneUsageDescription = "This app requires access to the microphone to record audio of your gameplay.";
				INFOPLIST_KEY_UIApplicationSceneManifest_Generation = YES;
				INFOPLIST_KEY_UIApplicationSupportsIndirectInputEvents = YES;
				INFOPLIST_KEY_UILaunchScreen_Generation = YES;
				INFOPLIST_KEY_UISupportedInterfaceOrientations_iPad = "UIInterfaceOrientationPortrait UIInterfaceOrientationPortraitUpsideDown UIInterfaceOrientationLandscapeLeft UIInterfaceOrientationLandscapeRight";
				INFOPLIST_KEY_UISupportedInterfaceOrientations_iPhone = "UIInterfaceOrientationPortrait UIInterfaceOrientationLandscapeLeft UIInterfaceOrientationLandscapeRight";
				LD_RUNPATH_SEARCH_PATHS = (
					"$(inherited)",
					"@executable_path/Frameworks",
				);
				MARKETING_VERSION = 1.0;
				PRODUCT_BUNDLE_IDENTIFIER = com.pog.HawkEye;
				PRODUCT_NAME = "$(TARGET_NAME)";
				SWIFT_EMIT_LOC_STRINGS = YES;
				SWIFT_VERSION = 5.0;
				TARGETED_DEVICE_FAMILY = "1,2";
			};
			name = Release;
		};
/* End XCBuildConfiguration section */

/* Begin XCConfigurationList section */
		C2D4C9A02CB1327400BCC268 /* Build configuration list for PBXProject "HawkEye" */ = {
			isa = XCConfigurationList;
			buildConfigurations = (
				C2D4C9B12CB1327500BCC268 /* Debug */,
				C2D4C9B22CB1327500BCC268 /* Release */,
			);
			defaultConfigurationIsVisible = 0;
			defaultConfigurationName = Release;
		};
		C2D4C9B32CB1327500BCC268 /* Build configuration list for PBXNativeTarget "HawkEye" */ = {
			isa = XCConfigurationList;
			buildConfigurations = (
				C2D4C9B42CB1327500BCC268 /* Debug */,
				C2D4C9B52CB1327500BCC268 /* Release */,
			);
			defaultConfigurationIsVisible = 0;
			defaultConfigurationName = Release;
		};
/* End XCConfigurationList section */
	};
	rootObject = C2D4C99D2CB1327400BCC268 /* Project object */;
}
